
Microsoft Visual Studio Solution File, Format Version 12.00
# Visual Studio Version 17
VisualStudioVersion = 17.10.35013.160
MinimumVisualStudioVersion = 10.0.40219.1
Project("{FAE04EC0-301F-11D3-BF4B-00C04F79EFBC}") = "StoreProject", "StoreProject.csproj", "{A06EE939-2D9E-4F69-9646-6216345689AC}"
EndProject
Global
	GlobalSection(SolutionConfigurationPlatforms) = preSolution
		Debug|Any CPU = Debug|Any CPU
		Release|Any CPU = Release|Any CPU
	EndGlobalSection
	GlobalSection(ProjectConfigurationPlatforms) = postSolution
		{A06EE939-2D9E-4F69-9646-6216345689AC}.Debug|Any CPU.ActiveCfg = Debug|Any CPU
		{A06EE939-2D9E-4F69-9646-6216345689AC}.Debug|Any CPU.Build.0 = Debug|Any CPU
		{A06EE939-2D9E-4F69-9646-6216345689AC}.Release|Any CPU.ActiveCfg = Release|Any CPU
		{A06EE939-2D9E-4F69-9646-6216345689AC}.Release|Any CPU.Build.0 = Release|Any CPU
	EndGlobalSection
	GlobalSection(SolutionProperties) = preSolution
		HideSolutionNode = FALSE
	EndGlobalSection
	GlobalSection(ExtensibilityGlobals) = postSolution
		SolutionGuid = {71F22C99-6151-4A52-939E-4E529FF9F80D}
	EndGlobalSection
EndGlobal
